// !$*UTF8*$!
{
	archiveVersion = 1;
	classes = {
	};
	objectVersion = 46;
	objects = {

/* Begin PBXBuildFile section */
		1B53333D1D3790CA007D4219 /* main.m in Sources */ = {isa = PBXBuildFile; fileRef = 1B53333C1D3790CA007D4219 /* main.m */; };
		1B5333401D3790CA007D4219 /* AppDelegate.m in Sources */ = {isa = PBXBuildFile; fileRef = 1B53333F1D3790CA007D4219 /* AppDelegate.m */; };
		1B5333431D3790CA007D4219 /* ViewController.m in Sources */ = {isa = PBXBuildFile; fileRef = 1B5333421D3790CA007D4219 /* ViewController.m */; };
		1B5333461D3790CB007D4219 /* Main.storyboard in Resources */ = {isa = PBXBuildFile; fileRef = 1B5333441D3790CB007D4219 /* Main.storyboard */; };
		1B5333481D3790CB007D4219 /* Assets.xcassets in Resources */ = {isa = PBXBuildFile; fileRef = 1B5333471D3790CB007D4219 /* Assets.xcassets */; };
		1B53334B1D3790CB007D4219 /* LaunchScreen.storyboard in Resources */ = {isa = PBXBuildFile; fileRef = 1B5333491D3790CB007D4219 /* LaunchScreen.storyboard */; };
		1BF5D8CF1D379B8900E33693 /* YiDa_VC.m in Sources */ = {isa = PBXBuildFile; fileRef = 1BF5D8CE1D379B8900E33693 /* YiDa_VC.m */; };
/* End PBXBuildFile section */

/* Begin PBXFileReference section */
		1B5333381D3790C9007D4219 /* QQ.app */ = {isa = PBXFileReference; explicitFileType = wrapper.application; includeInIndex = 0; path = QQ.app; sourceTree = BUILT_PRODUCTS_DIR; };
		1B53333C1D3790CA007D4219 /* main.m */ = {isa = PBXFileReference; lastKnownFileType = sourcecode.c.objc; path = main.m; sourceTree = "<group>"; };
		1B53333E1D3790CA007D4219 /* AppDelegate.h */ = {isa = PBXFileReference; lastKnownFileType = sourcecode.c.h; path = AppDelegate.h; sourceTree = "<group>"; };
		1B53333F1D3790CA007D4219 /* AppDelegate.m */ = {isa = PBXFileReference; lastKnownFileType = sourcecode.c.objc; path = AppDelegate.m; sourceTree = "<group>"; };
		1B5333411D3790CA007D4219 /* ViewController.h */ = {isa = PBXFileReference; lastKnownFileType = sourcecode.c.h; path = ViewController.h; sourceTree = "<group>"; };
		1B5333421D3790CA007D4219 /* ViewController.m */ = {isa = PBXFileReference; lastKnownFileType = sourcecode.c.objc; path = ViewController.m; sourceTree = "<group>"; };
		1B5333451D3790CB007D4219 /* Base */ = {isa = PBXFileReference; lastKnownFileType = file.storyboard; name = Base; path = Base.lproj/Main.storyboard; sourceTree = "<group>"; };
		1B5333471D3790CB007D4219 /* Assets.xcassets */ = {isa = PBXFileReference; lastKnownFileType = folder.assetcatalog; path = Assets.xcassets; sourceTree = "<group>"; };
		1B53334A1D3790CB007D4219 /* Base */ = {isa = PBXFileReference; lastKnownFileType = file.storyboard; name = Base; path = Base.lproj/LaunchScreen.storyboard; sourceTree = "<group>"; };
		1B53334C1D3790CB007D4219 /* Info.plist */ = {isa = PBXFileReference; lastKnownFileType = text.plist.xml; path = Info.plist; sourceTree = "<group>"; };
		1BF5D8CD1D379B8900E33693 /* YiDa_VC.h */ = {isa = PBXFileReference; fileEncoding = 4; lastKnownFileType = sourcecode.c.h; path = YiDa_VC.h; sourceTree = "<group>"; };
		1BF5D8CE1D379B8900E33693 /* YiDa_VC.m */ = {isa = PBXFileReference; fileEncoding = 4; lastKnownFileType = sourcecode.c.objc; path = YiDa_VC.m; sourceTree = "<group>"; };
/* End PBXFileReference section */

/* Begin PBXFrameworksBuildPhase section */
		1B5333351D3790C9007D4219 /* Frameworks */ = {
			isa = PBXFrameworksBuildPhase;
			buildActionMask = 2147483647;
			files = (
			);
			runOnlyForDeploymentPostprocessing = 0;
		};
/* End PBXFrameworksBuildPhase section */

/* Begin PBXGroup section */
		1B53332F1D3790C8007D4219 = {
			isa = PBXGroup;
			children = (
				1B53333A1D3790C9007D4219 /* QQ */,
				1B5333391D3790C9007D4219 /* Products */,
			);
			sourceTree = "<group>";
		};
		1B5333391D3790C9007D4219 /* Products */ = {
			isa = PBXGroup;
			children = (
				1B5333381D3790C9007D4219 /* QQ.app */,
			);
			name = Products;
			sourceTree = "<group>";
		};
		1B53333A1D3790C9007D4219 /* QQ */ = {
			isa = PBXGroup;
			children = (
				1B53333E1D3790CA007D4219 /* AppDelegate.h */,
				1B53333F1D3790CA007D4219 /* AppDelegate.m */,
				1B5333411D3790CA007D4219 /* ViewController.h */,
				1B5333421D3790CA007D4219 /* ViewController.m */,
				1B5333441D3790CB007D4219 /* Main.storyboard */,
				1B5333471D3790CB007D4219 /* Assets.xcassets */,
				1B5333491D3790CB007D4219 /* LaunchScreen.storyboard */,
				1B53334C1D3790CB007D4219 /* Info.plist */,
				1B53333B1D3790C9007D4219 /* Supporting Files */,
				1BF5D8CD1D379B8900E33693 /* YiDa_VC.h */,
				1BF5D8CE1D379B8900E33693 /* YiDa_VC.m */,
			);
			path = QQ;
			sourceTree = "<group>";
		};
		1B53333B1D3790C9007D4219 /* Supporting Files */ = {
			isa = PBXGroup;
			children = (
				1B53333C1D3790CA007D4219 /* main.m */,
			);
			name = "Supporting Files";
			sourceTree = "<group>";
		};
/* End PBXGroup section */

/* Begin PBXNativeTarget section */
		1B5333371D3790C9007D4219 /* QQ */ = {
			isa = PBXNativeTarget;
			buildConfigurationList = 1B53334F1D3790CB007D4219 /* Build configuration list for PBXNativeTarget "QQ" */;
			buildPhases = (
				1B5333341D3790C9007D4219 /* Sources */,
				1B5333351D3790C9007D4219 /* Frameworks */,
				1B5333361D3790C9007D4219 /* Resources */,
			);
			buildRules = (
			);
			dependencies = (
			);
			name = QQ;
			productName = QQ;
			productReference = 1B5333381D3790C9007D4219 /* QQ.app */;
			productType = "com.apple.product-type.application";
		};
/* End PBXNativeTarget section */

/* Begin PBXProject section */
		1B5333301D3790C8007D4219 /* Project object */ = {
			isa = PBXProject;
			attributes = {
				LastUpgradeCheck = 0720;
				ORGANIZATIONNAME = "能奎";
				TargetAttributes = {
					1B5333371D3790C9007D4219 = {
						CreatedOnToolsVersion = 7.2;
						DevelopmentTeam = 6A37A7ADPE;
					};
				};
			};
			buildConfigurationList = 1B5333331D3790C8007D4219 /* Build configuration list for PBXProject "QQ" */;
			compatibilityVersion = "Xcode 3.2";
			developmentRegion = English;
			hasScannedForEncodings = 0;
			knownRegions = (
				en,
				Base,
			);
			mainGroup = 1B53332F1D3790C8007D4219;
			productRefGroup = 1B5333391D3790C9007D4219 /* Products */;
			projectDirPath = "";
			projectRoot = "";
			targets = (
				1B5333371D3790C9007D4219 /* QQ */,
			);
		};
/* End PBXProject section */

/* Begin PBXResourcesBuildPhase section */
		1B5333361D3790C9007D4219 /* Resources */ = {
			isa = PBXResourcesBuildPhase;
			buildActionMask = 2147483647;
			files = (
				1B53334B1D3790CB007D4219 /* LaunchScreen.storyboard in Resources */,
				1B5333481D3790CB007D4219 /* Assets.xcassets in Resources */,
				1B5333461D3790CB007D4219 /* Main.storyboard in Resources */,
			);
			runOnlyForDeploymentPostprocessing = 0;
		};
/* End PBXResourcesBuildPhase section */

/* Begin PBXSourcesBuildPhase section */
		1B5333341D3790C9007D4219 /* Sources */ = {
			isa = PBXSourcesBuildPhase;
			buildActionMask = 2147483647;
			files = (
				1B5333431D3790CA007D4219 /* ViewController.m in Sources */,
				1B5333401D3790CA007D4219 /* AppDelegate.m in Sources */,
				1B53333D1D3790CA007D4219 /* main.m in Sources */,
				1BF5D8CF1D379B8900E33693 /* YiDa_VC.m in Sources */,
			);
			runOnlyForDeploymentPostprocessing = 0;
		};
/* End PBXSourcesBuildPhase section */

/* Begin PBXVariantGroup section */
		1B5333441D3790CB007D4219 /* Main.storyboard */ = {
			isa = PBXVariantGroup;
			children = (
				1B5333451D3790CB007D4219 /* Base */,
			);
			name = Main.storyboard;
			sourceTree = "<group>";
		};
		1B5333491D3790CB007D4219 /* LaunchScreen.storyboard */ = {
			isa = PBXVariantGroup;
			children = (
				1B53334A1D3790CB007D4219 /* Base */,
			);
			name = LaunchScreen.storyboard;
			sourceTree = "<group>";
		};
/* End PBXVariantGroup section */

/* Begin XCBuildConfiguration section */
		1B53334D1D3790CB007D4219 /* Debug */ = {
			isa = XCBuildConfiguration;
			buildSettings = {
				ALWAYS_SEARCH_USER_PATHS = NO;
				CLANG_CXX_LANGUAGE_STANDARD = "gnu++0x";
				CLANG_CXX_LIBRARY = "libc++";
				CLANG_ENABLE_MODULES = YES;
				CLANG_ENABLE_OBJC_ARC = YES;
				CLANG_WARN_BOOL_CONVERSION = YES;
				CLANG_WARN_CONSTANT_CONVERSION = YES;
				CLANG_WARN_DIRECT_OBJC_ISA_USAGE = YES_ERROR;
				CLANG_WARN_EMPTY_BODY = YES;
				CLANG_WARN_ENUM_CONVERSION = YES;
				CLANG_WARN_INT_CONVERSION = YES;
				CLANG_WARN_OBJC_ROOT_CLASS = YES_ERROR;
				CLANG_WARN_UNREACHABLE_CODE = YES;
				CLANG_WARN__DUPLICATE_METHOD_MATCH = YES;
				"CODE_SIGN_IDENTITY[sdk=iphoneos*]" = "iPhone Developer";
				COPY_PHASE_STRIP = NO;
				DEBUG_INFORMATION_FORMAT = dwarf;
				ENABLE_STRICT_OBJC_MSGSEND = YES;
				ENABLE_TESTABILITY = YES;
				GCC_C_LANGUAGE_STANDARD = gnu99;
				GCC_DYNAMIC_NO_PIC = NO;
				GCC_NO_COMMON_BLOCKS = YES;
				GCC_OPTIMIZATION_LEVEL = 0;
				GCC_PREPROCESSOR_DEFINITIONS = (
					"DEBUG=1",
					"$(inherited)",
				);
				GCC_WARN_64_TO_32_BIT_CONVERSION = YES;
				GCC_WARN_ABOUT_RETURN_TYPE = YES_ERROR;
				GCC_WARN_UNDECLARED_SELECTOR = YES;
				GCC_WARN_UNINITIALIZED_AUTOS = YES_AGGRESSIVE;
				GCC_WARN_UNUSED_FUNCTION = YES;
				GCC_WARN_UNUSED_VARIABLE = YES;
				IPHONEOS_DEPLOYMENT_TARGET = 9.2;
				MTL_ENABLE_DEBUG_INFO = YES;
				ONLY_ACTIVE_ARCH = YES;
				SDKROOT = iphoneos;
			};
			name = Debug;
		};
		1B53334E1D3790CB007D4219 /* Release */ = {
			isa = XCBuildConfiguration;
			buildSettings = {
				ALWAYS_SEARCH_USER_PATHS = NO;
				CLANG_CXX_LANGUAGE_STANDARD = "gnu++0x";
				CLANG_CXX_LIBRARY = "libc++";
				CLANG_ENABLE_MODULES = YES;
				CLANG_ENABLE_OBJC_ARC = YES;
				CLANG_WARN_BOOL_CONVERSION = YES;
				CLANG_WARN_CONSTANT_CONVERSION = YES;
				CLANG_WARN_DIRECT_OBJC_ISA_USAGE = YES_ERROR;
				CLANG_WARN_EMPTY_BODY = YES;
				CLANG_WARN_ENUM_CONVERSION = YES;
				CLANG_WARN_INT_CONVERSION = YES;
				CLANG_WARN_OBJC_ROOT_CLASS = YES_ERROR;
				CLANG_WARN_UNREACHABLE_CODE = YES;
				CLANG_WARN__DUPLICATE_METHOD_MATCH = YES;
				"CODE_SIGN_IDENTITY[sdk=iphoneos*]" = "iPhone Developer";
				COPY_PHASE_STRIP = NO;
				DEBUG_INFORMATION_FORMAT = "dwarf-with-dsym";
				ENABLE_NS_ASSERTIONS = NO;
				ENABLE_STRICT_OBJC_MSGSEND = YES;
				GCC_C_LANGUAGE_STANDARD = gnu99;
				GCC_NO_COMMON_BLOCKS = YES;
				GCC_WARN_64_TO_32_BIT_CONVERSION = YES;
				GCC_WARN_ABOUT_RETURN_TYPE = YES_ERROR;
				GCC_WARN_UNDECLARED_SELECTOR = YES;
				GCC_WARN_UNINITIALIZED_AUTOS = YES_AGGRESSIVE;
				GCC_WARN_UNUSED_FUNCTION = YES;
				GCC_WARN_UNUSED_VARIABLE = YES;
				IPHONEOS_DEPLOYMENT_TARGET = 9.2;
				MTL_ENABLE_DEBUG_INFO = NO;
				SDKROOT = iphoneos;
				VALIDATE_PRODUCT = YES;
			};
			name = Release;
		};
		1B5333501D3790CB007D4219 /* Debug */ = {
			isa = XCBuildConfiguration;
			buildSettings = {
				ASSETCATALOG_COMPILER_APPICON_NAME = AppIcon;
				INFOPLIST_FILE = QQ/Info.plist;
				LD_RUNPATH_SEARCH_PATHS = "$(inherited) @executable_path/Frameworks";
				PRODUCT_BUNDLE_IDENTIFIER = com.yidahulian.QQ;
				PRODUCT_NAME = "$(TARGET_NAME)";
			};
			name = Debug;
		};
		1B5333511D3790CB007D4219 /* Release */ = {
			isa = XCBuildConfiguration;
			buildSettings = {
				ASSETCATALOG_COMPILER_APPICON_NAME = AppIcon;
				INFOPLIST_FILE = QQ/Info.plist;
				LD_RUNPATH_SEARCH_PATHS = "$(inherited) @executable_path/Frameworks";
				PRODUCT_BUNDLE_IDENTIFIER = com.yidahulian.QQ;
				PRODUCT_NAME = "$(TARGET_NAME)";
			};
			name = Release;
		};
/* End XCBuildConfiguration section */

/* Begin XCConfigurationList section */
		1B5333331D3790C8007D4219 /* Build configuration list for PBXProject "QQ" */ = {
			isa = XCConfigurationList;
			buildConfigurations = (
				1B53334D1D3790CB007D4219 /* Debug */,
				1B53334E1D3790CB007D4219 /* Release */,
			);
			defaultConfigurationIsVisible = 0;
			defaultConfigurationName = Release;
		};
		1B53334F1D3790CB007D4219 /* Build configuration list for PBXNativeTarget "QQ" */ = {
			isa = XCConfigurationList;
			buildConfigurations = (
				1B5333501D3790CB007D4219 /* Debug */,
				1B5333511D3790CB007D4219 /* Release */,
			);
			defaultConfigurationIsVisible = 0;
			defaultConfigurationName = Release;
		};
/* End XCConfigurationList section */
	};
	rootObject = 1B5333301D3790C8007D4219 /* Project object */;
}
